
Microsoft Visual Studio Solution File, Format Version 12.00
# Visual Studio Version 16
VisualStudioVersion = 16.0.31911.196
MinimumVisualStudioVersion = 10.0.40219.1
Project("{9A19103F-16F7-4668-BE54-9A1E7A4F7556}") = "Shopify", "Shopify\Shopify.csproj", "{1B8CCF06-DE92-4C79-99B3-B40310CDA541}"
EndProject
Global
	GlobalSection(SolutionConfigurationPlatforms) = preSolution
		Debug|Any CPU = Debug|Any CPU
		Release|Any CPU = Release|Any CPU
	EndGlobalSection
	GlobalSection(ProjectConfigurationPlatforms) = postSolution
		{1B8CCF06-DE92-4C79-99B3-B40310CDA541}.Debug|Any CPU.ActiveCfg = Debug|Any CPU
		{1B8CCF06-DE92-4C79-99B3-B40310CDA541}.Debug|Any CPU.Build.0 = Debug|Any CPU
		{1B8CCF06-DE92-4C79-99B3-B40310CDA541}.Release|Any CPU.ActiveCfg = Release|Any CPU
		{1B8CCF06-DE92-4C79-99B3-B40310CDA541}.Release|Any CPU.Build.0 = Release|Any CPU
	EndGlobalSection
	GlobalSection(SolutionProperties) = preSolution
		HideSolutionNode = FALSE
	EndGlobalSection
	GlobalSection(ExtensibilityGlobals) = postSolution
		SolutionGuid = {A553A90D-0B95-4692-A8F5-9A32534AC575}
	EndGlobalSection
EndGlobal
